{
  "version": 1,
  "dependencies": {
    "net10.0": {
      "Algorand4": {
        "type": "Direct",
        "requested": "[4.7.4.2026071920, )",
        "resolved": "4.7.4.2026071920",
        "contentHash": "hbvr9m4L55DCkPjnCrriDhkO7WL69TZuNiY3Dcnt7BgSP1JRg6+eT2UBze+UEhMhBqod7QMJLDnpzp+tbPmwvw==",
        "dependencies": {
          "BouncyCastle.Cryptography": "2.6.2",
          "JsonSubTypes": "2.0.1",
          "MessagePack": "3.1.8",
          "Microsoft.Bcl.AsyncInterfaces": "9.0.5",
          "Microsoft.CodeAnalysis.CSharp": "4.14.0",
          "Microsoft.CodeAnalysis.CSharp.Workspaces": "4.14.0",
          "Microsoft.CodeAnalysis.Workspaces.Common": "4.14.0",
          "MsgPack.Cli": "1.0.1",
          "Newtonsoft.Json": "13.0.4",
          "Newtonsoft.Msgpack": "0.1.11",
          "RestSharp": "112.1.0",
          "System.ComponentModel.Annotations": "5.0.0",
          "Websocket.Client": "5.5.0"
        }
      },
      "AlgorandARC76Account": {
        "type": "Direct",
        "requested": "[1.1.0, )",
        "resolved": "1.1.0",
        "contentHash": "48MUiuolZZQ4ihIOza+/wKY7bFLvqx2tpK9rirG33+nnIzFQowbsCrSbXt7icSv4btoGk3PPMJ8o0jOGlrN0BA==",
        "dependencies": {
          "Algorand4": "4.0.3.2025051817",
          "Microsoft.Extensions.Options": "9.0.6",
          "Nethereum.Signer": "5.0.0"
        }
      },
      "Newtonsoft.Json": {
        "type": "Direct",
        "requested": "[13.0.4, )",
        "resolved": "13.0.4",
        "contentHash": "pdgNNMai3zv51W5aq268sujXUyx7SNdE2bj1wZcWjAQrKMFZV260lbqYop1d2GM67JI1huLRwxo9ZqnfF/lC6A=="
      },
      "NSwag.MSBuild": {
        "type": "Direct",
        "requested": "[14.7.1, )",
        "resolved": "14.7.1",
        "contentHash": "4ks/+vtuFoP5D1Vsc0h7yCYyL8Rhhmnvwb9iHEm1//1y9oluQViQD9spqLaGjPv2Itjz5TQPLdkeky/wgRx8dg=="
      },
      "BouncyCastle.Cryptography": {
        "type": "Transitive",
        "resolved": "2.6.2",
        "contentHash": "7oWOcvnntmMKNzDLsdxAYqApt+AjpRpP2CShjMfIa3umZ42UQMvH0tl1qAliYPNYO6vTdcGMqnRrCPmsfzTI1w=="
      },
      "Humanizer.Core": {
        "type": "Transitive",
        "resolved": "2.14.1",
        "contentHash": "lQKvtaTDOXnoVJ20ibTuSIOf2i0uO0MPbDhd1jm238I+U/2ZnRENj0cktKZhtchBMtCUSRQ5v4xBCUbKNmyVMw=="
      },
      "JsonSubTypes": {
        "type": "Transitive",
        "resolved": "2.0.1",
        "contentHash": "1Po+Ypf0SjCeEKx5+C89Nb5OgTcqNvfS3uTI46MUM+KEp6Rq/M0h+vVsTUt/6DFRwZMTpsAJM4yJrZmEObVANA==",
        "dependencies": {
          "Newtonsoft.Json": "13.0.1"
        }
      },
      "MessagePack": {
        "type": "Transitive",
        "resolved": "3.1.8",
        "contentHash": "Qk2q+9FVxnMSp+NQ9y3SLz3HqWe7Rg3KRMHhBX28FkKUoOeP9YIU86mA4pFOxDDjUIRA9e7Ssbxs/LwWUcAzPw==",
        "dependencies": {
          "MessagePack.Annotations": "3.1.8",
          "MessagePackAnalyzer": "3.1.8",
          "Microsoft.NET.StringTools": "17.11.4"
        }
      },
      "MessagePack.Annotations": {
        "type": "Transitive",
        "resolved": "3.1.8",
        "contentHash": "SitOtZ4tOlAZZPF7p52M7143F+Cuz7o/aU0MrtAXX0+ZkPXzDNroOFhzzE2ogMFThsoEW/E6akXVVcBFM9ZKaw=="
      },
      "MessagePackAnalyzer": {
        "type": "Transitive",
        "resolved": "3.1.8",
        "contentHash": "Vm4g0cR4YRKRchEOmMJ0uVFU6yxdg7cJa2KHv3SUAHEsdYKvMpHMF5A1hZfsix89ymD5cmuzRnw9a6dKMcvq+Q=="
      },
      "Microsoft.Bcl.AsyncInterfaces": {
        "type": "Transitive",
        "resolved": "9.0.5",
        "contentHash": "eNQDjbtFj8kOLxbckCbn2JXTsnzK8+xkA4jg7NULO9jhIvlOSngC9BFzmiqVPpw1INQaP1pQ3YteY2XhfWNjtQ=="
      },
      "Microsoft.CodeAnalysis.Analyzers": {
        "type": "Transitive",
        "resolved": "3.11.0",
        "contentHash": "v/EW3UE8/lbEYHoC2Qq7AR/DnmvpgdtAMndfQNmpuIMx/Mto8L5JnuCfdBYtgvalQOtfNCnxFejxuRrryvUTsg=="
      },
      "Microsoft.CodeAnalysis.Common": {
        "type": "Transitive",
        "resolved": "4.14.0",
        "contentHash": "PC3tuwZYnC+idaPuoC/AZpEdwrtX7qFpmnrfQkgobGIWiYmGi5MCRtl5mx6QrfMGQpK78X2lfIEoZDLg/qnuHg==",
        "dependencies": {
          "Microsoft.CodeAnalysis.Analyzers": "3.11.0"
        }
      },
      "Microsoft.CodeAnalysis.CSharp": {
        "type": "Transitive",
        "resolved": "4.14.0",
        "contentHash": "568a6wcTivauIhbeWcCwfWwIn7UV7MeHEBvFB2uzGIpM2OhJ4eM/FZ8KS0yhPoNxnSpjGzz7x7CIjTxhslojQA==",
        "dependencies": {
          "Microsoft.CodeAnalysis.Analyzers": "3.11.0",
          "Microsoft.CodeAnalysis.Common": "[4.14.0]"
        }
      },
      "Microsoft.CodeAnalysis.CSharp.Workspaces": {
        "type": "Transitive",
        "resolved": "4.14.0",
        "contentHash": "QkgCEM4qJo6gdtblXtNgHqtykS61fxW+820hx5JN6n9DD4mQtqNB+6fPeJ3GQWg6jkkGz6oG9yZq7H3Gf0zwYw==",
        "dependencies": {
          "Humanizer.Core": "2.14.1",
          "Microsoft.CodeAnalysis.Analyzers": "3.11.0",
          "Microsoft.CodeAnalysis.CSharp": "[4.14.0]",
          "Microsoft.CodeAnalysis.Common": "[4.14.0]",
          "Microsoft.CodeAnalysis.Workspaces.Common": "[4.14.0]",
          "System.Composition": "9.0.0"
        }
      },
      "Microsoft.CodeAnalysis.Workspaces.Common": {
        "type": "Transitive",
        "resolved": "4.14.0",
        "contentHash": "wNVK9JrqjqDC/WgBUFV6henDfrW87NPfo98nzah/+M/G1D6sBOPtXwqce3UQNn+6AjTnmkHYN1WV9XmTlPemTw==",
        "dependencies": {
          "Humanizer.Core": "2.14.1",
          "Microsoft.CodeAnalysis.Analyzers": "3.11.0",
          "Microsoft.CodeAnalysis.Common": "[4.14.0]",
          "System.Composition": "9.0.0"
        }
      },
      "Microsoft.Extensions.DependencyInjection.Abstractions": {
        "type": "Transitive",
        "resolved": "10.0.8",
        "contentHash": "21nbDV60SRPWGIivsyl6lqBeEJNG1sginhhfWgRrr3Ais7aQ12To25OAHQxgoiJkjqy1aQ6RxpZBGYuTi7Ge6A=="
      },
      "Microsoft.Extensions.Logging.Abstractions": {
        "type": "Transitive",
        "resolved": "10.0.8",
        "contentHash": "fdVadZmsC8jRP0KvKy8mO8f6GV/HyBvElfcSxEhd+5FM5boAw/01iSaCto5G3G37ApJira4A3pNaVvBv8cUiLQ==",
        "dependencies": {
          "Microsoft.Extensions.DependencyInjection.Abstractions": "10.0.8"
        }
      },
      "Microsoft.Extensions.Options": {
        "type": "Transitive",
        "resolved": "9.0.6",
        "contentHash": "wUPhNM1zsI58Dy10xRdF2+pnsisiUuETg5ZBncyAEEUm/CQ9Q1vmivyUWH8RDbAlqyixf2dJNQ2XZb7HsKUEQw==",
        "dependencies": {
          "Microsoft.Extensions.DependencyInjection.Abstractions": "9.0.6",
          "Microsoft.Extensions.Primitives": "9.0.6"
        }
      },
      "Microsoft.Extensions.Primitives": {
        "type": "Transitive",
        "resolved": "9.0.6",
        "contentHash": "BHniU24QV67qp1pJknqYSofAPYGmijGI8D+ci9yfw33iuFdyOeB9lWTg78ThyYLyQwZw3s0vZ36VMb0MqbUuLw=="
      },
      "Microsoft.IO.RecyclableMemoryStream": {
        "type": "Transitive",
        "resolved": "3.0.1",
        "contentHash": "s/s20YTVY9r9TPfTrN5g8zPF1YhwxyqO6PxUkrYTGI2B+OGPe9AdajWZrLhFqXIvqIW23fnUE4+ztrUWNU1+9g=="
      },
      "Microsoft.NET.StringTools": {
        "type": "Transitive",
        "resolved": "17.11.4",
        "contentHash": "mudqUHhNpeqIdJoUx2YDWZO/I9uEDYVowan89R6wsomfnUJQk6HteoQTlNjZDixhT2B4IXMkMtgZtoceIjLRmA=="
      },
      "MsgPack.Cli": {
        "type": "Transitive",
        "resolved": "1.0.1",
        "contentHash": "od0WujAAuPuRLoGfGNfE2iRPP7Kj+o174Oed2uirT03/Dp4rkccnEIqQl/QRHjly79sMwh6xKaIVsLqYwWtiHA==",
        "dependencies": {
          "System.CodeDom": "4.4.0"
        }
      },
      "NBitcoin.Secp256k1": {
        "type": "Transitive",
        "resolved": "3.1.1",
        "contentHash": "ekF91qDK2+TI9FFhXvjClfUOQ3DWxNhvjh8Eoqawk1KPk/hCURpc8xoyeprtAiIoM5wgPnWeFxQybVWhl2NsHA=="
      },
      "Nethereum.Hex": {
        "type": "Transitive",
        "resolved": "5.0.0",
        "contentHash": "C1cK9yklpnfA+25ajWQUAFPsUPGuRfn2Ez9jejqMpXlyQ94o9rL3/qtPvlTKQ4H2ttBb3kaZNtPLcH6t868ALA==",
        "dependencies": {
          "Newtonsoft.Json": "[11.0.2, 14.0.0)"
        }
      },
      "Nethereum.Model": {
        "type": "Transitive",
        "resolved": "5.0.0",
        "contentHash": "DqFDr2S+ZSTNdjv9cDK8OFe4MoOre8EpbJiAbeHfAfMD6FHghsvTDSxSn0Mm6bKBi4DepOtJc+xwfiQ0ZOh1HQ==",
        "dependencies": {
          "Nethereum.RLP": "5.0.0",
          "Nethereum.Util": "5.0.0",
          "Newtonsoft.Json": "[11.0.2, 14.0.0)"
        }
      },
      "Nethereum.RLP": {
        "type": "Transitive",
        "resolved": "5.0.0",
        "contentHash": "DpYjmjH+lBFHdJ2Fvl0oBMy78LgXBwG6+qf8XWmHOkvfja4c4HRmdc7suoTXS2epLZEehqExQNpXdGgdvgdS7w==",
        "dependencies": {
          "Nethereum.Hex": "5.0.0",
          "Newtonsoft.Json": "[11.0.2, 14.0.0)"
        }
      },
      "Nethereum.Signer": {
        "type": "Transitive",
        "resolved": "5.0.0",
        "contentHash": "IzxLZtwONo6R8bdT7PJ6XWLtipkjK1MGrrwO43lhAWdEPu4375DA0QIzyqk+NsH4s9imIUqpK1Q37KFKeqaGDw==",
        "dependencies": {
          "BouncyCastle.Cryptography": "[2.5.1, 3.0.0)",
          "NBitcoin.Secp256k1": "3.1.1",
          "Nethereum.Hex": "5.0.0",
          "Nethereum.Model": "5.0.0",
          "Nethereum.RLP": "5.0.0",
          "Nethereum.Util": "5.0.0",
          "Newtonsoft.Json": "[11.0.2, 14.0.0)"
        }
      },
      "Nethereum.Util": {
        "type": "Transitive",
        "resolved": "5.0.0",
        "contentHash": "BrodvHzv+QaKL73G1AYMdJHXqnNsfdCXuDaAhs6cE+Pzl9/H2isXuxPBGW+VWlhssZ2n/TbmVjf/QoTs9u9iuw==",
        "dependencies": {
          "Nethereum.Hex": "5.0.0",
          "Nethereum.RLP": "5.0.0",
          "Newtonsoft.Json": "[11.0.2, 14.0.0)"
        }
      },
      "Newtonsoft.Msgpack": {
        "type": "Transitive",
        "resolved": "0.1.11",
        "contentHash": "VHR305iH5hhV1KPLrDTw4YXkw1Rzx1Ag3Vb5YAR+R2IDhgMkD26/cK/JiPyZI7gjOh1jLSVw6i7NGU9rHN8vaQ==",
        "dependencies": {
          "MsgPack.Cli": "1.0.1",
          "Newtonsoft.Json": "9.0.1"
        }
      },
      "RestSharp": {
        "type": "Transitive",
        "resolved": "112.1.0",
        "contentHash": "bOUGNZqhhv/QeCXHTKEUil846yBjwWXpzPKjO67kFvaAOoF361z7jLY5BMnuZ6WD2WQRA750sNMcK7MSPCQ5Mg=="
      },
      "System.CodeDom": {
        "type": "Transitive",
        "resolved": "4.4.0",
        "contentHash": "2sCCb7doXEwtYAbqzbF/8UAeDRMNmPaQbU2q50Psg1J9KzumyVVCgKQY8s53WIPTufNT0DpSe9QRvVjOzfDWBA=="
      },
      "System.ComponentModel.Annotations": {
        "type": "Transitive",
        "resolved": "5.0.0",
        "contentHash": "dMkqfy2el8A8/I76n2Hi1oBFEbG1SfxD2l5nhwXV3XjlnOmwxJlQbYpJH4W51odnU9sARCSAgv7S3CyAFMkpYg=="
      },
      "System.Composition": {
        "type": "Transitive",
        "resolved": "9.0.0",
        "contentHash": "3Djj70fFTraOarSKmRnmRy/zm4YurICm+kiCtI0dYRqGJnLX6nJ+G3WYuFJ173cAPax/gh96REcbNiVqcrypFQ==",
        "dependencies": {
          "System.Composition.AttributedModel": "9.0.0",
          "System.Composition.Convention": "9.0.0",
          "System.Composition.Hosting": "9.0.0",
          "System.Composition.Runtime": "9.0.0",
          "System.Composition.TypedParts": "9.0.0"
        }
      },
      "System.Composition.AttributedModel": {
        "type": "Transitive",
        "resolved": "9.0.0",
        "contentHash": "iri00l/zIX9g4lHMY+Nz0qV1n40+jFYAmgsaiNn16xvt2RDwlqByNG4wgblagnDYxm3YSQQ0jLlC/7Xlk9CzyA=="
      },
      "System.Composition.Convention": {
        "type": "Transitive",
        "resolved": "9.0.0",
        "contentHash": "+vuqVP6xpi582XIjJi6OCsIxuoTZfR0M7WWufk3uGDeCl3wGW6KnpylUJ3iiXdPByPE0vR5TjJgR6hDLez4FQg==",
        "dependencies": {
          "System.Composition.AttributedModel": "9.0.0"
        }
      },
      "System.Composition.Hosting": {
        "type": "Transitive",
        "resolved": "9.0.0",
        "contentHash": "OFqSeFeJYr7kHxDfaViGM1ymk7d4JxK//VSoNF9Ux0gpqkLsauDZpu89kTHHNdCWfSljbFcvAafGyBoY094btQ==",
        "dependencies": {
          "System.Composition.Runtime": "9.0.0"
        }
      },
      "System.Composition.Runtime": {
        "type": "Transitive",
        "resolved": "9.0.0",
        "contentHash": "w1HOlQY1zsOWYussjFGZCEYF2UZXgvoYnS94NIu2CBnAGMbXFAX8PY8c92KwUItPmowal68jnVLBCzdrWLeEKA=="
      },
      "System.Composition.TypedParts": {
        "type": "Transitive",
        "resolved": "9.0.0",
        "contentHash": "aRZlojCCGEHDKqh43jaDgaVpYETsgd7Nx4g1zwLKMtv4iTo0627715ajEFNpEEBTgLmvZuv8K0EVxc3sM4NWJA==",
        "dependencies": {
          "System.Composition.AttributedModel": "9.0.0",
          "System.Composition.Hosting": "9.0.0",
          "System.Composition.Runtime": "9.0.0"
        }
      },
      "System.Reactive": {
        "type": "Transitive",
        "resolved": "6.1.0",
        "contentHash": "M5cCC1ZMkZr9jbSQGTHnVkb5TDN67qWCV7AP8TAHdGkvDlu0puT5NzemESNn9+HkYIDpWpocP68/i+/ame2/2w=="
      },
      "Websocket.Client": {
        "type": "Transitive",
        "resolved": "5.5.0",
        "contentHash": "xJ5pTXiNSfwOzJVFcrUF1JROo63zjETJgIA4+ik/JxOJdNEv15e3NZ6bgpNQkyWhapcedP5HCa96hn9YCXwenw==",
        "dependencies": {
          "Microsoft.Extensions.Logging.Abstractions": "10.0.8",
          "Microsoft.IO.RecyclableMemoryStream": "3.0.1",
          "System.Reactive": "6.1.0"
        }
      }
    }
  }
}